{
  "requires": true,
  "lockfileVersion": 1,
  "dependencies": {
    "scrollreveal": {
      "version": "3.4.0",
      "resolved": "https://registry.npmjs.org/scrollreveal/-/scrollreveal-3.4.0.tgz",
      "integrity": "sha512-clyIvaRqSsuU8kn3kg/7JhBdLfw9knUccUbyoZCqtSDb870XOqT58CKpS9IMnqw8AwFvHiFVfyhU9XP/GpiY5w=="
    }
  }
}
